
Microsoft Visual Studio Solution File, Format Version 12.00
# Visual Studio Version 17
VisualStudioVersion = 17.10.35027.167
MinimumVisualStudioVersion = 10.0.40219.1
Project("{F2A71F9B-5D33-465A-A702-920D77279786}") = "fsharp_winforms_3", "fsharp_winforms_3\fsharp_winforms_3.fsproj", "{5F901DB8-B17B-48DE-99EF-4604098B2317}"
EndProject
Global
	GlobalSection(SolutionConfigurationPlatforms) = preSolution
		Debug|Any CPU = Debug|Any CPU
		Release|Any CPU = Release|Any CPU
	EndGlobalSection
	GlobalSection(ProjectConfigurationPlatforms) = postSolution
		{5F901DB8-B17B-48DE-99EF-4604098B2317}.Debug|Any CPU.ActiveCfg = Debug|Any CPU
		{5F901DB8-B17B-48DE-99EF-4604098B2317}.Debug|Any CPU.Build.0 = Debug|Any CPU
		{5F901DB8-B17B-48DE-99EF-4604098B2317}.Release|Any CPU.ActiveCfg = Release|Any CPU
		{5F901DB8-B17B-48DE-99EF-4604098B2317}.Release|Any CPU.Build.0 = Release|Any CPU
	EndGlobalSection
	GlobalSection(SolutionProperties) = preSolution
		HideSolutionNode = FALSE
	EndGlobalSection
	GlobalSection(ExtensibilityGlobals) = postSolution
		SolutionGuid = {EDA9D13F-6B3B-4C40-84DB-13FF57C22FC2}
	EndGlobalSection
EndGlobal
